// !$*UTF8*$!
{
	archiveVersion = 1;
	classes = {
	};
	objectVersion = 50;
	objects = {

/* Begin PBXBuildFile section */
		9516636B227E95AF006F1C28 /* AppDelegate.m in Sources */ = {isa = PBXBuildFile; fileRef = 9516636A227E95AF006F1C28 /* AppDelegate.m */; };
		9516636E227E95AF006F1C28 /* ViewController.m in Sources */ = {isa = PBXBuildFile; fileRef = 9516636D227E95AF006F1C28 /* ViewController.m */; };
		95166371227E95AF006F1C28 /* Main.storyboard in Resources */ = {isa = PBXBuildFile; fileRef = 9516636F227E95AF006F1C28 /* Main.storyboard */; };
		95166373227E95B2006F1C28 /* Assets.xcassets in Resources */ = {isa = PBXBuildFile; fileRef = 95166372227E95B2006F1C28 /* Assets.xcassets */; };
		95166376227E95B2006F1C28 /* LaunchScreen.storyboard in Resources */ = {isa = PBXBuildFile; fileRef = 95166374227E95B2006F1C28 /* LaunchScreen.storyboard */; };
		95166379227E95B2006F1C28 /* main.m in Sources */ = {isa = PBXBuildFile; fileRef = 95166378227E95B2006F1C28 /* main.m */; };
		95166381227E9607006F1C28 /* SecondVC.m in Sources */ = {isa = PBXBuildFile; fileRef = 9516637F227E9607006F1C28 /* SecondVC.m */; };
		95166387227E9613006F1C28 /* LXHorizontalMenu.m in Sources */ = {isa = PBXBuildFile; fileRef = 95166384227E9613006F1C28 /* LXHorizontalMenu.m */; };
		95166388227E9613006F1C28 /* LXHorizontalMenuTopCell.m in Sources */ = {isa = PBXBuildFile; fileRef = 95166386227E9613006F1C28 /* LXHorizontalMenuTopCell.m */; };
/* End PBXBuildFile section */

/* Begin PBXFileReference section */
		95166366227E95AF006F1C28 /* LXHorizontalMenu.app */ = {isa = PBXFileReference; explicitFileType = wrapper.application; includeInIndex = 0; path = LXHorizontalMenu.app; sourceTree = BUILT_PRODUCTS_DIR; };
		95166369227E95AF006F1C28 /* AppDelegate.h */ = {isa = PBXFileReference; lastKnownFileType = sourcecode.c.h; path = AppDelegate.h; sourceTree = "<group>"; };
		9516636A227E95AF006F1C28 /* AppDelegate.m */ = {isa = PBXFileReference; lastKnownFileType = sourcecode.c.objc; path = AppDelegate.m; sourceTree = "<group>"; };
		9516636C227E95AF006F1C28 /* ViewController.h */ = {isa = PBXFileReference; lastKnownFileType = sourcecode.c.h; path = ViewController.h; sourceTree = "<group>"; };
		9516636D227E95AF006F1C28 /* ViewController.m */ = {isa = PBXFileReference; lastKnownFileType = sourcecode.c.objc; path = ViewController.m; sourceTree = "<group>"; };
		95166370227E95AF006F1C28 /* Base */ = {isa = PBXFileReference; lastKnownFileType = file.storyboard; name = Base; path = Base.lproj/Main.storyboard; sourceTree = "<group>"; };
		95166372227E95B2006F1C28 /* Assets.xcassets */ = {isa = PBXFileReference; lastKnownFileType = folder.assetcatalog; path = Assets.xcassets; sourceTree = "<group>"; };
		95166375227E95B2006F1C28 /* Base */ = {isa = PBXFileReference; lastKnownFileType = file.storyboard; name = Base; path = Base.lproj/LaunchScreen.storyboard; sourceTree = "<group>"; };
		95166377227E95B2006F1C28 /* Info.plist */ = {isa = PBXFileReference; lastKnownFileType = text.plist.xml; path = Info.plist; sourceTree = "<group>"; };
		95166378227E95B2006F1C28 /* main.m */ = {isa = PBXFileReference; lastKnownFileType = sourcecode.c.objc; path = main.m; sourceTree = "<group>"; };
		9516637F227E9607006F1C28 /* SecondVC.m */ = {isa = PBXFileReference; fileEncoding = 4; lastKnownFileType = sourcecode.c.objc; path = SecondVC.m; sourceTree = "<group>"; };
		95166380227E9607006F1C28 /* SecondVC.h */ = {isa = PBXFileReference; fileEncoding = 4; lastKnownFileType = sourcecode.c.h; path = SecondVC.h; sourceTree = "<group>"; };
		95166383227E9613006F1C28 /* LXHorizontalMenu.h */ = {isa = PBXFileReference; fileEncoding = 4; lastKnownFileType = sourcecode.c.h; path = LXHorizontalMenu.h; sourceTree = "<group>"; };
		95166384227E9613006F1C28 /* LXHorizontalMenu.m */ = {isa = PBXFileReference; fileEncoding = 4; lastKnownFileType = sourcecode.c.objc; path = LXHorizontalMenu.m; sourceTree = "<group>"; };
		95166385227E9613006F1C28 /* LXHorizontalMenuTopCell.h */ = {isa = PBXFileReference; fileEncoding = 4; lastKnownFileType = sourcecode.c.h; path = LXHorizontalMenuTopCell.h; sourceTree = "<group>"; };
		95166386227E9613006F1C28 /* LXHorizontalMenuTopCell.m */ = {isa = PBXFileReference; fileEncoding = 4; lastKnownFileType = sourcecode.c.objc; path = LXHorizontalMenuTopCell.m; sourceTree = "<group>"; };
/* End PBXFileReference section */

/* Begin PBXFrameworksBuildPhase section */
		95166363227E95AF006F1C28 /* Frameworks */ = {
			isa = PBXFrameworksBuildPhase;
			buildActionMask = 2147483647;
			files = (
			);
			runOnlyForDeploymentPostprocessing = 0;
		};
/* End PBXFrameworksBuildPhase section */

/* Begin PBXGroup section */
		9516635D227E95AF006F1C28 = {
			isa = PBXGroup;
			children = (
				95166368227E95AF006F1C28 /* LXHorizontalMenu */,
				95166367227E95AF006F1C28 /* Products */,
			);
			sourceTree = "<group>";
		};
		95166367227E95AF006F1C28 /* Products */ = {
			isa = PBXGroup;
			children = (
				95166366227E95AF006F1C28 /* LXHorizontalMenu.app */,
			);
			name = Products;
			sourceTree = "<group>";
		};
		95166368227E95AF006F1C28 /* LXHorizontalMenu */ = {
			isa = PBXGroup;
			children = (
				95166382227E9613006F1C28 /* LXHorizontalMenu */,
				95166369227E95AF006F1C28 /* AppDelegate.h */,
				9516636A227E95AF006F1C28 /* AppDelegate.m */,
				9516636C227E95AF006F1C28 /* ViewController.h */,
				9516636D227E95AF006F1C28 /* ViewController.m */,
				95166380227E9607006F1C28 /* SecondVC.h */,
				9516637F227E9607006F1C28 /* SecondVC.m */,
				9516636F227E95AF006F1C28 /* Main.storyboard */,
				95166372227E95B2006F1C28 /* Assets.xcassets */,
				95166374227E95B2006F1C28 /* LaunchScreen.storyboard */,
				95166377227E95B2006F1C28 /* Info.plist */,
				95166378227E95B2006F1C28 /* main.m */,
			);
			path = LXHorizontalMenu;
			sourceTree = "<group>";
		};
		95166382227E9613006F1C28 /* LXHorizontalMenu */ = {
			isa = PBXGroup;
			children = (
				95166383227E9613006F1C28 /* LXHorizontalMenu.h */,
				95166384227E9613006F1C28 /* LXHorizontalMenu.m */,
				95166385227E9613006F1C28 /* LXHorizontalMenuTopCell.h */,
				95166386227E9613006F1C28 /* LXHorizontalMenuTopCell.m */,
			);
			path = LXHorizontalMenu;
			sourceTree = "<group>";
		};
/* End PBXGroup section */

/* Begin PBXNativeTarget section */
		95166365227E95AF006F1C28 /* LXHorizontalMenu */ = {
			isa = PBXNativeTarget;
			buildConfigurationList = 9516637C227E95B2006F1C28 /* Build configuration list for PBXNativeTarget "LXHorizontalMenu" */;
			buildPhases = (
				95166362227E95AF006F1C28 /* Sources */,
				95166363227E95AF006F1C28 /* Frameworks */,
				95166364227E95AF006F1C28 /* Resources */,
			);
			buildRules = (
			);
			dependencies = (
			);
			name = LXHorizontalMenu;
			productName = LXHorizontalMenu;
			productReference = 95166366227E95AF006F1C28 /* LXHorizontalMenu.app */;
			productType = "com.apple.product-type.application";
		};
/* End PBXNativeTarget section */

/* Begin PBXProject section */
		9516635E227E95AF006F1C28 /* Project object */ = {
			isa = PBXProject;
			attributes = {
				LastUpgradeCheck = 1010;
				ORGANIZATIONNAME = HSEDU;
				TargetAttributes = {
					95166365227E95AF006F1C28 = {
						CreatedOnToolsVersion = 10.1;
					};
				};
			};
			buildConfigurationList = 95166361227E95AF006F1C28 /* Build configuration list for PBXProject "LXHorizontalMenu" */;
			compatibilityVersion = "Xcode 9.3";
			developmentRegion = en;
			hasScannedForEncodings = 0;
			knownRegions = (
				en,
				Base,
			);
			mainGroup = 9516635D227E95AF006F1C28;
			productRefGroup = 95166367227E95AF006F1C28 /* Products */;
			projectDirPath = "";
			projectRoot = "";
			targets = (
				95166365227E95AF006F1C28 /* LXHorizontalMenu */,
			);
		};
/* End PBXProject section */

/* Begin PBXResourcesBuildPhase section */
		95166364227E95AF006F1C28 /* Resources */ = {
			isa = PBXResourcesBuildPhase;
			buildActionMask = 2147483647;
			files = (
				95166376227E95B2006F1C28 /* LaunchScreen.storyboard in Resources */,
				95166373227E95B2006F1C28 /* Assets.xcassets in Resources */,
				95166371227E95AF006F1C28 /* Main.storyboard in Resources */,
			);
			runOnlyForDeploymentPostprocessing = 0;
		};
/* End PBXResourcesBuildPhase section */

/* Begin PBXSourcesBuildPhase section */
		95166362227E95AF006F1C28 /* Sources */ = {
			isa = PBXSourcesBuildPhase;
			buildActionMask = 2147483647;
			files = (
				95166388227E9613006F1C28 /* LXHorizontalMenuTopCell.m in Sources */,
				95166387227E9613006F1C28 /* LXHorizontalMenu.m in Sources */,
				9516636E227E95AF006F1C28 /* ViewController.m in Sources */,
				95166379227E95B2006F1C28 /* main.m in Sources */,
				95166381227E9607006F1C28 /* SecondVC.m in Sources */,
				9516636B227E95AF006F1C28 /* AppDelegate.m in Sources */,
			);
			runOnlyForDeploymentPostprocessing = 0;
		};
/* End PBXSourcesBuildPhase section */

/* Begin PBXVariantGroup section */
		9516636F227E95AF006F1C28 /* Main.storyboard */ = {
			isa = PBXVariantGroup;
			children = (
				95166370227E95AF006F1C28 /* Base */,
			);
			name = Main.storyboard;
			sourceTree = "<group>";
		};
		95166374227E95B2006F1C28 /* LaunchScreen.storyboard */ = {
			isa = PBXVariantGroup;
			children = (
				95166375227E95B2006F1C28 /* Base */,
			);
			name = LaunchScreen.storyboard;
			sourceTree = "<group>";
		};
/* End PBXVariantGroup section */

/* Begin XCBuildConfiguration section */
		9516637A227E95B2006F1C28 /* Debug */ = {
			isa = XCBuildConfiguration;
			buildSettings = {
				ALWAYS_SEARCH_USER_PATHS = NO;
				CLANG_ANALYZER_NONNULL = YES;
				CLANG_ANALYZER_NUMBER_OBJECT_CONVERSION = YES_AGGRESSIVE;
				CLANG_CXX_LANGUAGE_STANDARD = "gnu++14";
				CLANG_CXX_LIBRARY = "libc++";
				CLANG_ENABLE_MODULES = YES;
				CLANG_ENABLE_OBJC_ARC = YES;
				CLANG_ENABLE_OBJC_WEAK = YES;
				CLANG_WARN_BLOCK_CAPTURE_AUTORELEASING = YES;
				CLANG_WARN_BOOL_CONVERSION = YES;
				CLANG_WARN_COMMA = YES;
				CLANG_WARN_CONSTANT_CONVERSION = YES;
				CLANG_WARN_DEPRECATED_OBJC_IMPLEMENTATIONS = YES;
				CLANG_WARN_DIRECT_OBJC_ISA_USAGE = YES_ERROR;
				CLANG_WARN_DOCUMENTATION_COMMENTS = YES;
				CLANG_WARN_EMPTY_BODY = YES;
				CLANG_WARN_ENUM_CONVERSION = YES;
				CLANG_WARN_INFINITE_RECURSION = YES;
				CLANG_WARN_INT_CONVERSION = YES;
				CLANG_WARN_NON_LITERAL_NULL_CONVERSION = YES;
				CLANG_WARN_OBJC_IMPLICIT_RETAIN_SELF = YES;
				CLANG_WARN_OBJC_LITERAL_CONVERSION = YES;
				CLANG_WARN_OBJC_ROOT_CLASS = YES_ERROR;
				CLANG_WARN_RANGE_LOOP_ANALYSIS = YES;
				CLANG_WARN_STRICT_PROTOTYPES = YES;
				CLANG_WARN_SUSPICIOUS_MOVE = YES;
				CLANG_WARN_UNGUARDED_AVAILABILITY = YES_AGGRESSIVE;
				CLANG_WARN_UNREACHABLE_CODE = YES;
				CLANG_WARN__DUPLICATE_METHOD_MATCH = YES;
				CODE_SIGN_IDENTITY = "iPhone Developer";
				COPY_PHASE_STRIP = NO;
				DEBUG_INFORMATION_FORMAT = dwarf;
				ENABLE_STRICT_OBJC_MSGSEND = YES;
				ENABLE_TESTABILITY = YES;
				GCC_C_LANGUAGE_STANDARD = gnu11;
				GCC_DYNAMIC_NO_PIC = NO;
				GCC_NO_COMMON_BLOCKS = YES;
				GCC_OPTIMIZATION_LEVEL = 0;
				GCC_PREPROCESSOR_DEFINITIONS = (
					"DEBUG=1",
					"$(inherited)",
				);
				GCC_WARN_64_TO_32_BIT_CONVERSION = YES;
				GCC_WARN_ABOUT_RETURN_TYPE = YES_ERROR;
				GCC_WARN_UNDECLARED_SELECTOR = YES;
				GCC_WARN_UNINITIALIZED_AUTOS = YES_AGGRESSIVE;
				GCC_WARN_UNUSED_FUNCTION = YES;
				GCC_WARN_UNUSED_VARIABLE = YES;
				IPHONEOS_DEPLOYMENT_TARGET = 12.1;
				MTL_ENABLE_DEBUG_INFO = INCLUDE_SOURCE;
				MTL_FAST_MATH = YES;
				ONLY_ACTIVE_ARCH = YES;
				SDKROOT = iphoneos;
			};
			name = Debug;
		};
		9516637B227E95B2006F1C28 /* Release */ = {
			isa = XCBuildConfiguration;
			buildSettings = {
				ALWAYS_SEARCH_USER_PATHS = NO;
				CLANG_ANALYZER_NONNULL = YES;
				CLANG_ANALYZER_NUMBER_OBJECT_CONVERSION = YES_AGGRESSIVE;
				CLANG_CXX_LANGUAGE_STANDARD = "gnu++14";
				CLANG_CXX_LIBRARY = "libc++";
				CLANG_ENABLE_MODULES = YES;
				CLANG_ENABLE_OBJC_ARC = YES;
				CLANG_ENABLE_OBJC_WEAK = YES;
				CLANG_WARN_BLOCK_CAPTURE_AUTORELEASING = YES;
				CLANG_WARN_BOOL_CONVERSION = YES;
				CLANG_WARN_COMMA = YES;
				CLANG_WARN_CONSTANT_CONVERSION = YES;
				CLANG_WARN_DEPRECATED_OBJC_IMPLEMENTATIONS = YES;
				CLANG_WARN_DIRECT_OBJC_ISA_USAGE = YES_ERROR;
				CLANG_WARN_DOCUMENTATION_COMMENTS = YES;
				CLANG_WARN_EMPTY_BODY = YES;
				CLANG_WARN_ENUM_CONVERSION = YES;
				CLANG_WARN_INFINITE_RECURSION = YES;
				CLANG_WARN_INT_CONVERSION = YES;
				CLANG_WARN_NON_LITERAL_NULL_CONVERSION = YES;
				CLANG_WARN_OBJC_IMPLICIT_RETAIN_SELF = YES;
				CLANG_WARN_OBJC_LITERAL_CONVERSION = YES;
				CLANG_WARN_OBJC_ROOT_CLASS = YES_ERROR;
				CLANG_WARN_RANGE_LOOP_ANALYSIS = YES;
				CLANG_WARN_STRICT_PROTOTYPES = YES;
				CLANG_WARN_SUSPICIOUS_MOVE = YES;
				CLANG_WARN_UNGUARDED_AVAILABILITY = YES_AGGRESSIVE;
				CLANG_WARN_UNREACHABLE_CODE = YES;
				CLANG_WARN__DUPLICATE_METHOD_MATCH = YES;
				CODE_SIGN_IDENTITY = "iPhone Developer";
				COPY_PHASE_STRIP = NO;
				DEBUG_INFORMATION_FORMAT = "dwarf-with-dsym";
				ENABLE_NS_ASSERTIONS = NO;
				ENABLE_STRICT_OBJC_MSGSEND = YES;
				GCC_C_LANGUAGE_STANDARD = gnu11;
				GCC_NO_COMMON_BLOCKS = YES;
				GCC_WARN_64_TO_32_BIT_CONVERSION = YES;
				GCC_WARN_ABOUT_RETURN_TYPE = YES_ERROR;
				GCC_WARN_UNDECLARED_SELECTOR = YES;
				GCC_WARN_UNINITIALIZED_AUTOS = YES_AGGRESSIVE;
				GCC_WARN_UNUSED_FUNCTION = YES;
				GCC_WARN_UNUSED_VARIABLE = YES;
				IPHONEOS_DEPLOYMENT_TARGET = 12.1;
				MTL_ENABLE_DEBUG_INFO = NO;
				MTL_FAST_MATH = YES;
				SDKROOT = iphoneos;
				VALIDATE_PRODUCT = YES;
			};
			name = Release;
		};
		9516637D227E95B2006F1C28 /* Debug */ = {
			isa = XCBuildConfiguration;
			buildSettings = {
				ASSETCATALOG_COMPILER_APPICON_NAME = AppIcon;
				CODE_SIGN_STYLE = Automatic;
				DEVELOPMENT_TEAM = 5T8J8HAH36;
				INFOPLIST_FILE = LXHorizontalMenu/Info.plist;
				LD_RUNPATH_SEARCH_PATHS = (
					"$(inherited)",
					"@executable_path/Frameworks",
				);
				PRODUCT_BUNDLE_IDENTIFIER = dzh.LXHorizontalMenu;
				PRODUCT_NAME = "$(TARGET_NAME)";
				TARGETED_DEVICE_FAMILY = "1,2";
			};
			name = Debug;
		};
		9516637E227E95B2006F1C28 /* Release */ = {
			isa = XCBuildConfiguration;
			buildSettings = {
				ASSETCATALOG_COMPILER_APPICON_NAME = AppIcon;
				CODE_SIGN_STYLE = Automatic;
				DEVELOPMENT_TEAM = 5T8J8HAH36;
				INFOPLIST_FILE = LXHorizontalMenu/Info.plist;
				LD_RUNPATH_SEARCH_PATHS = (
					"$(inherited)",
					"@executable_path/Frameworks",
				);
				PRODUCT_BUNDLE_IDENTIFIER = dzh.LXHorizontalMenu;
				PRODUCT_NAME = "$(TARGET_NAME)";
				TARGETED_DEVICE_FAMILY = "1,2";
			};
			name = Release;
		};
/* End XCBuildConfiguration section */

/* Begin XCConfigurationList section */
		95166361227E95AF006F1C28 /* Build configuration list for PBXProject "LXHorizontalMenu" */ = {
			isa = XCConfigurationList;
			buildConfigurations = (
				9516637A227E95B2006F1C28 /* Debug */,
				9516637B227E95B2006F1C28 /* Release */,
			);
			defaultConfigurationIsVisible = 0;
			defaultConfigurationName = Release;
		};
		9516637C227E95B2006F1C28 /* Build configuration list for PBXNativeTarget "LXHorizontalMenu" */ = {
			isa = XCConfigurationList;
			buildConfigurations = (
				9516637D227E95B2006F1C28 /* Debug */,
				9516637E227E95B2006F1C28 /* Release */,
			);
			defaultConfigurationIsVisible = 0;
			defaultConfigurationName = Release;
		};
/* End XCConfigurationList section */
	};
	rootObject = 9516635E227E95AF006F1C28 /* Project object */;
}
